
Microsoft Visual Studio Solution File, Format Version 12.00
# Visual Studio Version 16
VisualStudioVersion = 16.0.29920.165
MinimumVisualStudioVersion = 10.0.40219.1
Project("{9A19103F-16F7-4668-BE54-9A1E7A4F7556}") = "HomeSales", "HomeSales\HomeSales.csproj", "{A0CC33D2-7074-45C9-81BD-616BA73A58D2}"
EndProject
Global
	GlobalSection(SolutionConfigurationPlatforms) = preSolution
		Debug|Any CPU = Debug|Any CPU
		Release|Any CPU = Release|Any CPU
	EndGlobalSection
	GlobalSection(ProjectConfigurationPlatforms) = postSolution
		{A0CC33D2-7074-45C9-81BD-616BA73A58D2}.Debug|Any CPU.ActiveCfg = Debug|Any CPU
		{A0CC33D2-7074-45C9-81BD-616BA73A58D2}.Debug|Any CPU.Build.0 = Debug|Any CPU
		{A0CC33D2-7074-45C9-81BD-616BA73A58D2}.Release|Any CPU.ActiveCfg = Release|Any CPU
		{A0CC33D2-7074-45C9-81BD-616BA73A58D2}.Release|Any CPU.Build.0 = Release|Any CPU
	EndGlobalSection
	GlobalSection(SolutionProperties) = preSolution
		HideSolutionNode = FALSE
	EndGlobalSection
	GlobalSection(ExtensibilityGlobals) = postSolution
		SolutionGuid = {EA677F50-F81D-4215-A376-9F51DEFCC7B1}
	EndGlobalSection
EndGlobal
